
Microsoft Visual Studio Solution File, Format Version 12.00
# Visual Studio Version 17
VisualStudioVersion = 17.10.35004.147
MinimumVisualStudioVersion = 10.0.40219.1
Project("{FAE04EC0-301F-11D3-BF4B-00C04F79EFBC}") = "ShutdownAfter", "ShutdownAfter.csproj", "{1B2545F6-2F43-4218-BAD5-608B21E34353}"
EndProject
Global
	GlobalSection(SolutionConfigurationPlatforms) = preSolution
		Debug|Any CPU = Debug|Any CPU
		Release|Any CPU = Release|Any CPU
	EndGlobalSection
	GlobalSection(ProjectConfigurationPlatforms) = postSolution
		{1B2545F6-2F43-4218-BAD5-608B21E34353}.Debug|Any CPU.ActiveCfg = Debug|Any CPU
		{1B2545F6-2F43-4218-BAD5-608B21E34353}.Debug|Any CPU.Build.0 = Debug|Any CPU
		{1B2545F6-2F43-4218-BAD5-608B21E34353}.Release|Any CPU.ActiveCfg = Release|Any CPU
		{1B2545F6-2F43-4218-BAD5-608B21E34353}.Release|Any CPU.Build.0 = Release|Any CPU
	EndGlobalSection
	GlobalSection(SolutionProperties) = preSolution
		HideSolutionNode = FALSE
	EndGlobalSection
	GlobalSection(ExtensibilityGlobals) = postSolution
		SolutionGuid = {A7F56F85-8B45-4B2D-A989-32B00C979E33}
	EndGlobalSection
EndGlobal
